Microsoft Visual Studio Solution File, Format Version 12.00
# Visual Studio Version 17
VisualStudioVersion = 17.5.2.0
MinimumVisualStudioVersion = 10.0.40219.1
Project("{FAE04EC0-301F-11D3-BF4B-00C04F79EFBC}") = "SHELL_Chat", "SHELL_Chat.csproj", "{B05105C3-9059-FB53-11D7-353D94BD0F91}"
EndProject
Global
	GlobalSection(SolutionConfigurationPlatforms) = preSolution
		Debug|Any CPU = Debug|Any CPU
		Release|Any CPU = Release|Any CPU
	EndGlobalSection
	GlobalSection(ProjectConfigurationPlatforms) = postSolution
		{B05105C3-9059-FB53-11D7-353D94BD0F91}.Debug|Any CPU.ActiveCfg = Debug|Any CPU
		{B05105C3-9059-FB53-11D7-353D94BD0F91}.Debug|Any CPU.Build.0 = Debug|Any CPU
		{B05105C3-9059-FB53-11D7-353D94BD0F91}.Release|Any CPU.ActiveCfg = Release|Any CPU
		{B05105C3-9059-FB53-11D7-353D94BD0F91}.Release|Any CPU.Build.0 = Release|Any CPU
	EndGlobalSection
	GlobalSection(SolutionProperties) = preSolution
		HideSolutionNode = FALSE
	EndGlobalSection
	GlobalSection(ExtensibilityGlobals) = postSolution
		SolutionGuid = {0ADF8AC9-5A30-43ED-B66E-7DA92B6440F4}
	EndGlobalSection
EndGlobal
